
Microsoft Visual Studio Solution File, Format Version 12.00
# Visual Studio Version 17
VisualStudioVersion = 17.6.33829.357
MinimumVisualStudioVersion = 10.0.40219.1
Project("{FAE04EC0-301F-11D3-BF4B-00C04F79EFBC}") = "IEnumerator", "IEnumerator\IEnumerator.csproj", "{1AE53189-ECD4-4789-B440-FC9E6634215B}"
EndProject
Global
	GlobalSection(SolutionConfigurationPlatforms) = preSolution
		Debug|Any CPU = Debug|Any CPU
		Release|Any CPU = Release|Any CPU
	EndGlobalSection
	GlobalSection(ProjectConfigurationPlatforms) = postSolution
		{1AE53189-ECD4-4789-B440-FC9E6634215B}.Debug|Any CPU.ActiveCfg = Debug|Any CPU
		{1AE53189-ECD4-4789-B440-FC9E6634215B}.Debug|Any CPU.Build.0 = Debug|Any CPU
		{1AE53189-ECD4-4789-B440-FC9E6634215B}.Release|Any CPU.ActiveCfg = Release|Any CPU
		{1AE53189-ECD4-4789-B440-FC9E6634215B}.Release|Any CPU.Build.0 = Release|Any CPU
	EndGlobalSection
	GlobalSection(SolutionProperties) = preSolution
		HideSolutionNode = FALSE
	EndGlobalSection
	GlobalSection(ExtensibilityGlobals) = postSolution
		SolutionGuid = {80D8149F-0500-4EA8-81B8-E235846564D5}
	EndGlobalSection
EndGlobal
